
Microsoft Visual Studio Solution File, Format Version 12.00
# Visual Studio Version 17
VisualStudioVersion = 17.7.34031.279
MinimumVisualStudioVersion = 10.0.40219.1
Project("{9A19103F-16F7-4668-BE54-9A1E7A4F7556}") = "EntityFrameworkCore.Migrator.AspNetCore", "EntityFrameworkCore.Migrator.AspNetCore\EntityFrameworkCore.Migrator.AspNetCore.csproj", "{450692A4-A67A-4F0E-B66D-6F17ED71B8AA}"
EndProject
Global
	GlobalSection(SolutionConfigurationPlatforms) = preSolution
		Debug|Any CPU = Debug|Any CPU
		Release|Any CPU = Release|Any CPU
	EndGlobalSection
	GlobalSection(ProjectConfigurationPlatforms) = postSolution
		{450692A4-A67A-4F0E-B66D-6F17ED71B8AA}.Debug|Any CPU.ActiveCfg = Debug|Any CPU
		{450692A4-A67A-4F0E-B66D-6F17ED71B8AA}.Debug|Any CPU.Build.0 = Debug|Any CPU
		{450692A4-A67A-4F0E-B66D-6F17ED71B8AA}.Release|Any CPU.ActiveCfg = Release|Any CPU
		{450692A4-A67A-4F0E-B66D-6F17ED71B8AA}.Release|Any CPU.Build.0 = Release|Any CPU
	EndGlobalSection
	GlobalSection(SolutionProperties) = preSolution
		HideSolutionNode = FALSE
	EndGlobalSection
	GlobalSection(ExtensibilityGlobals) = postSolution
		SolutionGuid = {7FFFC680-9B76-4381-967F-D851745D1A43}
	EndGlobalSection
EndGlobal
